
Microsoft Visual Studio Solution File, Format Version 12.00
# Visual Studio 15
VisualStudioVersion = 15.0.27703.2042
MinimumVisualStudioVersion = 10.0.40219.1
Project("{FAE04EC0-301F-11D3-BF4B-00C04F79EFBC}") = "CalcFreelancer.Android", "CalcFreelancer\CalcFreelancer.Android\CalcFreelancer.Android.csproj", "{A7B2E5F1-98B3-4E50-A6AB-4557BA3C98D0}"
EndProject
Project("{FAE04EC0-301F-11D3-BF4B-00C04F79EFBC}") = "CalcFreelancer.iOS", "CalcFreelancer\CalcFreelancer.iOS\CalcFreelancer.iOS.csproj", "{6C3AE9EE-859F-424C-8116-7DD868AA9ED1}"
EndProject
Project("{9A19103F-16F7-4668-BE54-9A1E7A4F7556}") = "CalcFreelancer", "CalcFreelancer\CalcFreelancer\CalcFreelancer.csproj", "{8CEC7CF5-9D9B-453B-BE66-F68F3A34141F}"
EndProject
Project("{FAE04EC0-301F-11D3-BF4B-00C04F79EFBC}") = "CalcFreelancer.Domain", "CalcFreelancer\CalcFreelancer.Domain\CalcFreelancer.Domain.csproj", "{9AA64925-7755-494C-93C0-608C584FB074}"
EndProject
Project("{FAE04EC0-301F-11D3-BF4B-00C04F79EFBC}") = "CalcFreelancer.Domain.Core", "CalcFreelancer\CalcFreelancer.Domain.Core\CalcFreelancer.Domain.Core.csproj", "{BF0E0499-E953-4EC0-AD1B-55C291915021}"
EndProject
Project("{FAE04EC0-301F-11D3-BF4B-00C04F79EFBC}") = "CalcFreelancer.Infra.Data", "CalcFreelancer\CalcFreelancer.Infra.Data\CalcFreelancer.Infra.Data.csproj", "{51FA1983-78DB-492D-9D5F-959EF50E728B}"
EndProject
Global
	GlobalSection(SolutionConfigurationPlatforms) = preSolution
		Ad-Hoc|Any CPU = Ad-Hoc|Any CPU
		Ad-Hoc|iPhone = Ad-Hoc|iPhone
		Ad-Hoc|iPhoneSimulator = Ad-Hoc|iPhoneSimulator
		AppStore|Any CPU = AppStore|Any CPU
		AppStore|iPhone = AppStore|iPhone
		AppStore|iPhoneSimulator = AppStore|iPhoneSimulator
		Debug|Any CPU = Debug|Any CPU
		Debug|iPhone = Debug|iPhone
		Debug|iPhoneSimulator = Debug|iPhoneSimulator
		Release|Any CPU = Release|Any CPU
		Release|iPhone = Release|iPhone
		Release|iPhoneSimulator = Release|iPhoneSimulator
	EndGlobalSection
	GlobalSection(ProjectConfigurationPlatforms) = postSolution
		{A7B2E5F1-98B3-4E50-A6AB-4557BA3C98D0}.Ad-Hoc|Any CPU.ActiveCfg = Release|Any CPU
		{A7B2E5F1-98B3-4E50-A6AB-4557BA3C98D0}.Ad-Hoc|Any CPU.Build.0 = Release|Any CPU
		{A7B2E5F1-98B3-4E50-A6AB-4557BA3C98D0}.Ad-Hoc|Any CPU.Deploy.0 = Release|Any CPU
		{A7B2E5F1-98B3-4E50-A6AB-4557BA3C98D0}.Ad-Hoc|iPhone.ActiveCfg = Release|Any CPU
		{A7B2E5F1-98B3-4E50-A6AB-4557BA3C98D0}.Ad-Hoc|iPhone.Build.0 = Release|Any CPU
		{A7B2E5F1-98B3-4E50-A6AB-4557BA3C98D0}.Ad-Hoc|iPhone.Deploy.0 = Release|Any CPU
		{A7B2E5F1-98B3-4E50-A6AB-4557BA3C98D0}.Ad-Hoc|iPhoneSimulator.ActiveCfg = Release|Any CPU
		{A7B2E5F1-98B3-4E50-A6AB-4557BA3C98D0}.Ad-Hoc|iPhoneSimulator.Build.0 = Release|Any CPU
		{A7B2E5F1-98B3-4E50-A6AB-4557BA3C98D0}.Ad-Hoc|iPhoneSimulator.Deploy.0 = Release|Any CPU
		{A7B2E5F1-98B3-4E50-A6AB-4557BA3C98D0}.AppStore|Any CPU.ActiveCfg = Release|Any CPU
		{A7B2E5F1-98B3-4E50-A6AB-4557BA3C98D0}.AppStore|Any CPU.Build.0 = Release|Any CPU
		{A7B2E5F1-98B3-4E50-A6AB-4557BA3C98D0}.AppStore|Any CPU.Deploy.0 = Release|Any CPU
		{A7B2E5F1-98B3-4E50-A6AB-4557BA3C98D0}.AppStore|iPhone.ActiveCfg = Release|Any CPU
		{A7B2E5F1-98B3-4E50-A6AB-4557BA3C98D0}.AppStore|iPhone.Build.0 = Release|Any CPU
		{A7B2E5F1-98B3-4E50-A6AB-4557BA3C98D0}.AppStore|iPhone.Deploy.0 = Release|Any CPU
		{A7B2E5F1-98B3-4E50-A6AB-4557BA3C98D0}.AppStore|iPhoneSimulator.ActiveCfg = Release|Any CPU
		{A7B2E5F1-98B3-4E50-A6AB-4557BA3C98D0}.AppStore|iPhoneSimulator.Build.0 = Release|Any CPU
		{A7B2E5F1-98B3-4E50-A6AB-4557BA3C98D0}.AppStore|iPhoneSimulator.Deploy.0 = Release|Any CPU
		{A7B2E5F1-98B3-4E50-A6AB-4557BA3C98D0}.Debug|Any CPU.ActiveCfg = Debug|Any CPU
		{A7B2E5F1-98B3-4E50-A6AB-4557BA3C98D0}.Debug|Any CPU.Build.0 = Debug|Any CPU
		{A7B2E5F1-98B3-4E50-A6AB-4557BA3C98D0}.Debug|Any CPU.Deploy.0 = Debug|Any CPU
		{A7B2E5F1-98B3-4E50-A6AB-4557BA3C98D0}.Debug|iPhone.ActiveCfg = Debug|Any CPU
		{A7B2E5F1-98B3-4E50-A6AB-4557BA3C98D0}.Debug|iPhone.Build.0 = Debug|Any CPU
		{A7B2E5F1-98B3-4E50-A6AB-4557BA3C98D0}.Debug|iPhone.Deploy.0 = Debug|Any CPU
		{A7B2E5F1-98B3-4E50-A6AB-4557BA3C98D0}.Debug|iPhoneSimulator.ActiveCfg = Debug|Any CPU
		{A7B2E5F1-98B3-4E50-A6AB-4557BA3C98D0}.Debug|iPhoneSimulator.Build.0 = Debug|Any CPU
		{A7B2E5F1-98B3-4E50-A6AB-4557BA3C98D0}.Debug|iPhoneSimulator.Deploy.0 = Debug|Any CPU
		{A7B2E5F1-98B3-4E50-A6AB-4557BA3C98D0}.Release|Any CPU.ActiveCfg = Release|Any CPU
		{A7B2E5F1-98B3-4E50-A6AB-4557BA3C98D0}.Release|Any CPU.Build.0 = Release|Any CPU
		{A7B2E5F1-98B3-4E50-A6AB-4557BA3C98D0}.Release|Any CPU.Deploy.0 = Release|Any CPU
		{A7B2E5F1-98B3-4E50-A6AB-4557BA3C98D0}.Release|iPhone.ActiveCfg = Release|Any CPU
		{A7B2E5F1-98B3-4E50-A6AB-4557BA3C98D0}.Release|iPhone.Build.0 = Release|Any CPU
		{A7B2E5F1-98B3-4E50-A6AB-4557BA3C98D0}.Release|iPhone.Deploy.0 = Release|Any CPU
		{A7B2E5F1-98B3-4E50-A6AB-4557BA3C98D0}.Release|iPhoneSimulator.ActiveCfg = Release|Any CPU
		{A7B2E5F1-98B3-4E50-A6AB-4557BA3C98D0}.Release|iPhoneSimulator.Build.0 = Release|Any CPU
		{A7B2E5F1-98B3-4E50-A6AB-4557BA3C98D0}.Release|iPhoneSimulator.Deploy.0 = Release|Any CPU
		{6C3AE9EE-859F-424C-8116-7DD868AA9ED1}.Ad-Hoc|Any CPU.ActiveCfg = Ad-Hoc|iPhone
		{6C3AE9EE-859F-424C-8116-7DD868AA9ED1}.Ad-Hoc|Any CPU.Build.0 = Ad-Hoc|iPhone
		{6C3AE9EE-859F-424C-8116-7DD868AA9ED1}.Ad-Hoc|Any CPU.Deploy.0 = Ad-Hoc|iPhone
		{6C3AE9EE-859F-424C-8116-7DD868AA9ED1}.Ad-Hoc|iPhone.ActiveCfg = Ad-Hoc|iPhone
		{6C3AE9EE-859F-424C-8116-7DD868AA9ED1}.Ad-Hoc|iPhone.Build.0 = Ad-Hoc|iPhone
		{6C3AE9EE-859F-424C-8116-7DD868AA9ED1}.Ad-Hoc|iPhone.Deploy.0 = Ad-Hoc|iPhone
		{6C3AE9EE-859F-424C-8116-7DD868AA9ED1}.Ad-Hoc|iPhoneSimulator.ActiveCfg = Ad-Hoc|iPhoneSimulator
		{6C3AE9EE-859F-424C-8116-7DD868AA9ED1}.Ad-Hoc|iPhoneSimulator.Build.0 = Ad-Hoc|iPhoneSimulator
		{6C3AE9EE-859F-424C-8116-7DD868AA9ED1}.Ad-Hoc|iPhoneSimulator.Deploy.0 = Ad-Hoc|iPhoneSimulator
		{6C3AE9EE-859F-424C-8116-7DD868AA9ED1}.AppStore|Any CPU.ActiveCfg = AppStore|iPhone
		{6C3AE9EE-859F-424C-8116-7DD868AA9ED1}.AppStore|Any CPU.Build.0 = AppStore|iPhone
		{6C3AE9EE-859F-424C-8116-7DD868AA9ED1}.AppStore|Any CPU.Deploy.0 = AppStore|iPhone
		{6C3AE9EE-859F-424C-8116-7DD868AA9ED1}.AppStore|iPhone.ActiveCfg = AppStore|iPhone
		{6C3AE9EE-859F-424C-8116-7DD868AA9ED1}.AppStore|iPhone.Build.0 = AppStore|iPhone
		{6C3AE9EE-859F-424C-8116-7DD868AA9ED1}.AppStore|iPhone.Deploy.0 = AppStore|iPhone
		{6C3AE9EE-859F-424C-8116-7DD868AA9ED1}.AppStore|iPhoneSimulator.ActiveCfg = AppStore|iPhoneSimulator
		{6C3AE9EE-859F-424C-8116-7DD868AA9ED1}.AppStore|iPhoneSimulator.Build.0 = AppStore|iPhoneSimulator
		{6C3AE9EE-859F-424C-8116-7DD868AA9ED1}.AppStore|iPhoneSimulator.Deploy.0 = AppStore|iPhoneSimulator
		{6C3AE9EE-859F-424C-8116-7DD868AA9ED1}.Debug|Any CPU.ActiveCfg = Debug|iPhoneSimulator
		{6C3AE9EE-859F-424C-8116-7DD868AA9ED1}.Debug|Any CPU.Build.0 = Debug|iPhoneSimulator
		{6C3AE9EE-859F-424C-8116-7DD868AA9ED1}.Debug|Any CPU.Deploy.0 = Debug|iPhoneSimulator
		{6C3AE9EE-859F-424C-8116-7DD868AA9ED1}.Debug|iPhone.ActiveCfg = Debug|iPhone
		{6C3AE9EE-859F-424C-8116-7DD868AA9ED1}.Debug|iPhone.Build.0 = Debug|iPhone
		{6C3AE9EE-859F-424C-8116-7DD868AA9ED1}.Debug|iPhone.Deploy.0 = Debug|iPhone
		{6C3AE9EE-859F-424C-8116-7DD868AA9ED1}.Debug|iPhoneSimulator.ActiveCfg = Debug|iPhoneSimulator
		{6C3AE9EE-859F-424C-8116-7DD868AA9ED1}.Debug|iPhoneSimulator.Build.0 = Debug|iPhoneSimulator
		{6C3AE9EE-859F-424C-8116-7DD868AA9ED1}.Debug|iPhoneSimulator.Deploy.0 = Debug|iPhoneSimulator
		{6C3AE9EE-859F-424C-8116-7DD868AA9ED1}.Release|Any CPU.ActiveCfg = Release|iPhone
		{6C3AE9EE-859F-424C-8116-7DD868AA9ED1}.Release|Any CPU.Build.0 = Release|iPhone
		{6C3AE9EE-859F-424C-8116-7DD868AA9ED1}.Release|Any CPU.Deploy.0 = Release|iPhone
		{6C3AE9EE-859F-424C-8116-7DD868AA9ED1}.Release|iPhone.ActiveCfg = Release|iPhone
		{6C3AE9EE-859F-424C-8116-7DD868AA9ED1}.Release|iPhone.Build.0 = Release|iPhone
		{6C3AE9EE-859F-424C-8116-7DD868AA9ED1}.Release|iPhone.Deploy.0 = Release|iPhone
		{6C3AE9EE-859F-424C-8116-7DD868AA9ED1}.Release|iPhoneSimulator.ActiveCfg = Release|iPhoneSimulator
		{6C3AE9EE-859F-424C-8116-7DD868AA9ED1}.Release|iPhoneSimulator.Build.0 = Release|iPhoneSimulator
		{6C3AE9EE-859F-424C-8116-7DD868AA9ED1}.Release|iPhoneSimulator.Deploy.0 = Release|iPhoneSimulator
		{8CEC7CF5-9D9B-453B-BE66-F68F3A34141F}.Ad-Hoc|Any CPU.ActiveCfg = Debug|Any CPU
		{8CEC7CF5-9D9B-453B-BE66-F68F3A34141F}.Ad-Hoc|Any CPU.Build.0 = Debug|Any CPU
		{8CEC7CF5-9D9B-453B-BE66-F68F3A34141F}.Ad-Hoc|Any CPU.Deploy.0 = Debug|Any CPU
		{8CEC7CF5-9D9B-453B-BE66-F68F3A34141F}.Ad-Hoc|iPhone.ActiveCfg = Debug|Any CPU
		{8CEC7CF5-9D9B-453B-BE66-F68F3A34141F}.Ad-Hoc|iPhone.Build.0 = Debug|Any CPU
		{8CEC7CF5-9D9B-453B-BE66-F68F3A34141F}.Ad-Hoc|iPhone.Deploy.0 = Debug|Any CPU
		{8CEC7CF5-9D9B-453B-BE66-F68F3A34141F}.Ad-Hoc|iPhoneSimulator.ActiveCfg = Debug|Any CPU
		{8CEC7CF5-9D9B-453B-BE66-F68F3A34141F}.Ad-Hoc|iPhoneSimulator.Build.0 = Debug|Any CPU
		{8CEC7CF5-9D9B-453B-BE66-F68F3A34141F}.Ad-Hoc|iPhoneSimulator.Deploy.0 = Debug|Any CPU
		{8CEC7CF5-9D9B-453B-BE66-F68F3A34141F}.AppStore|Any CPU.ActiveCfg = Debug|Any CPU
		{8CEC7CF5-9D9B-453B-BE66-F68F3A34141F}.AppStore|Any CPU.Build.0 = Debug|Any CPU
		{8CEC7CF5-9D9B-453B-BE66-F68F3A34141F}.AppStore|Any CPU.Deploy.0 = Debug|Any CPU
		{8CEC7CF5-9D9B-453B-BE66-F68F3A34141F}.AppStore|iPhone.ActiveCfg = Debug|Any CPU
		{8CEC7CF5-9D9B-453B-BE66-F68F3A34141F}.AppStore|iPhone.Build.0 = Debug|Any CPU
		{8CEC7CF5-9D9B-453B-BE66-F68F3A34141F}.AppStore|iPhone.Deploy.0 = Debug|Any CPU
		{8CEC7CF5-9D9B-453B-BE66-F68F3A34141F}.AppStore|iPhoneSimulator.ActiveCfg = Debug|Any CPU
		{8CEC7CF5-9D9B-453B-BE66-F68F3A34141F}.AppStore|iPhoneSimulator.Build.0 = Debug|Any CPU
		{8CEC7CF5-9D9B-453B-BE66-F68F3A34141F}.AppStore|iPhoneSimulator.Deploy.0 = Debug|Any CPU
		{8CEC7CF5-9D9B-453B-BE66-F68F3A34141F}.Debug|Any CPU.ActiveCfg = Debug|Any CPU
		{8CEC7CF5-9D9B-453B-BE66-F68F3A34141F}.Debug|Any CPU.Build.0 = Debug|Any CPU
		{8CEC7CF5-9D9B-453B-BE66-F68F3A34141F}.Debug|Any CPU.Deploy.0 = Debug|Any CPU
		{8CEC7CF5-9D9B-453B-BE66-F68F3A34141F}.Debug|iPhone.ActiveCfg = Debug|Any CPU
		{8CEC7CF5-9D9B-453B-BE66-F68F3A34141F}.Debug|iPhone.Build.0 = Debug|Any CPU
		{8CEC7CF5-9D9B-453B-BE66-F68F3A34141F}.Debug|iPhone.Deploy.0 = Debug|Any CPU
		{8CEC7CF5-9D9B-453B-BE66-F68F3A34141F}.Debug|iPhoneSimulator.ActiveCfg = Debug|Any CPU
		{8CEC7CF5-9D9B-453B-BE66-F68F3A34141F}.Debug|iPhoneSimulator.Build.0 = Debug|Any CPU
		{8CEC7CF5-9D9B-453B-BE66-F68F3A34141F}.Debug|iPhoneSimulator.Deploy.0 = Debug|Any CPU
		{8CEC7CF5-9D9B-453B-BE66-F68F3A34141F}.Release|Any CPU.ActiveCfg = Release|Any CPU
		{8CEC7CF5-9D9B-453B-BE66-F68F3A34141F}.Release|Any CPU.Build.0 = Release|Any CPU
		{8CEC7CF5-9D9B-453B-BE66-F68F3A34141F}.Release|Any CPU.Deploy.0 = Release|Any CPU
		{8CEC7CF5-9D9B-453B-BE66-F68F3A34141F}.Release|iPhone.ActiveCfg = Release|Any CPU
		{8CEC7CF5-9D9B-453B-BE66-F68F3A34141F}.Release|iPhone.Build.0 = Release|Any CPU
		{8CEC7CF5-9D9B-453B-BE66-F68F3A34141F}.Release|iPhone.Deploy.0 = Release|Any CPU
		{8CEC7CF5-9D9B-453B-BE66-F68F3A34141F}.Release|iPhoneSimulator.ActiveCfg = Release|Any CPU
		{8CEC7CF5-9D9B-453B-BE66-F68F3A34141F}.Release|iPhoneSimulator.Build.0 = Release|Any CPU
		{8CEC7CF5-9D9B-453B-BE66-F68F3A34141F}.Release|iPhoneSimulator.Deploy.0 = Release|Any CPU
		{9AA64925-7755-494C-93C0-608C584FB074}.Ad-Hoc|Any CPU.ActiveCfg = Debug|Any CPU
		{9AA64925-7755-494C-93C0-608C584FB074}.Ad-Hoc|Any CPU.Build.0 = Debug|Any CPU
		{9AA64925-7755-494C-93C0-608C584FB074}.Ad-Hoc|iPhone.ActiveCfg = Debug|Any CPU
		{9AA64925-7755-494C-93C0-608C584FB074}.Ad-Hoc|iPhone.Build.0 = Debug|Any CPU
		{9AA64925-7755-494C-93C0-608C584FB074}.Ad-Hoc|iPhoneSimulator.ActiveCfg = Debug|Any CPU
		{9AA64925-7755-494C-93C0-608C584FB074}.Ad-Hoc|iPhoneSimulator.Build.0 = Debug|Any CPU
		{9AA64925-7755-494C-93C0-608C584FB074}.AppStore|Any CPU.ActiveCfg = Debug|Any CPU
		{9AA64925-7755-494C-93C0-608C584FB074}.AppStore|Any CPU.Build.0 = Debug|Any CPU
		{9AA64925-7755-494C-93C0-608C584FB074}.AppStore|iPhone.ActiveCfg = Debug|Any CPU
		{9AA64925-7755-494C-93C0-608C584FB074}.AppStore|iPhone.Build.0 = Debug|Any CPU
		{9AA64925-7755-494C-93C0-608C584FB074}.AppStore|iPhoneSimulator.ActiveCfg = Debug|Any CPU
		{9AA64925-7755-494C-93C0-608C584FB074}.AppStore|iPhoneSimulator.Build.0 = Debug|Any CPU
		{9AA64925-7755-494C-93C0-608C584FB074}.Debug|Any CPU.ActiveCfg = Debug|Any CPU
		{9AA64925-7755-494C-93C0-608C584FB074}.Debug|Any CPU.Build.0 = Debug|Any CPU
		{9AA64925-7755-494C-93C0-608C584FB074}.Debug|iPhone.ActiveCfg = Debug|Any CPU
		{9AA64925-7755-494C-93C0-608C584FB074}.Debug|iPhone.Build.0 = Debug|Any CPU
		{9AA64925-7755-494C-93C0-608C584FB074}.Debug|iPhoneSimulator.ActiveCfg = Debug|Any CPU
		{9AA64925-7755-494C-93C0-608C584FB074}.Debug|iPhoneSimulator.Build.0 = Debug|Any CPU
		{9AA64925-7755-494C-93C0-608C584FB074}.Release|Any CPU.ActiveCfg = Release|Any CPU
		{9AA64925-7755-494C-93C0-608C584FB074}.Release|Any CPU.Build.0 = Release|Any CPU
		{9AA64925-7755-494C-93C0-608C584FB074}.Release|iPhone.ActiveCfg = Release|Any CPU
		{9AA64925-7755-494C-93C0-608C584FB074}.Release|iPhone.Build.0 = Release|Any CPU
		{9AA64925-7755-494C-93C0-608C584FB074}.Release|iPhoneSimulator.ActiveCfg = Release|Any CPU
		{9AA64925-7755-494C-93C0-608C584FB074}.Release|iPhoneSimulator.Build.0 = Release|Any CPU
		{BF0E0499-E953-4EC0-AD1B-55C291915021}.Ad-Hoc|Any CPU.ActiveCfg = Debug|Any CPU
		{BF0E0499-E953-4EC0-AD1B-55C291915021}.Ad-Hoc|Any CPU.Build.0 = Debug|Any CPU
		{BF0E0499-E953-4EC0-AD1B-55C291915021}.Ad-Hoc|iPhone.ActiveCfg = Debug|Any CPU
		{BF0E0499-E953-4EC0-AD1B-55C291915021}.Ad-Hoc|iPhone.Build.0 = Debug|Any CPU
		{BF0E0499-E953-4EC0-AD1B-55C291915021}.Ad-Hoc|iPhoneSimulator.ActiveCfg = Debug|Any CPU
		{BF0E0499-E953-4EC0-AD1B-55C291915021}.Ad-Hoc|iPhoneSimulator.Build.0 = Debug|Any CPU
		{BF0E0499-E953-4EC0-AD1B-55C291915021}.AppStore|Any CPU.ActiveCfg = Debug|Any CPU
		{BF0E0499-E953-4EC0-AD1B-55C291915021}.AppStore|Any CPU.Build.0 = Debug|Any CPU
		{BF0E0499-E953-4EC0-AD1B-55C291915021}.AppStore|iPhone.ActiveCfg = Debug|Any CPU
		{BF0E0499-E953-4EC0-AD1B-55C291915021}.AppStore|iPhone.Build.0 = Debug|Any CPU
		{BF0E0499-E953-4EC0-AD1B-55C291915021}.AppStore|iPhoneSimulator.ActiveCfg = Debug|Any CPU
		{BF0E0499-E953-4EC0-AD1B-55C291915021}.AppStore|iPhoneSimulator.Build.0 = Debug|Any CPU
		{BF0E0499-E953-4EC0-AD1B-55C291915021}.Debug|Any CPU.ActiveCfg = Debug|Any CPU
		{BF0E0499-E953-4EC0-AD1B-55C291915021}.Debug|Any CPU.Build.0 = Debug|Any CPU
		{BF0E0499-E953-4EC0-AD1B-55C291915021}.Debug|iPhone.ActiveCfg = Debug|Any CPU
		{BF0E0499-E953-4EC0-AD1B-55C291915021}.Debug|iPhone.Build.0 = Debug|Any CPU
		{BF0E0499-E953-4EC0-AD1B-55C291915021}.Debug|iPhoneSimulator.ActiveCfg = Debug|Any CPU
		{BF0E0499-E953-4EC0-AD1B-55C291915021}.Debug|iPhoneSimulator.Build.0 = Debug|Any CPU
		{BF0E0499-E953-4EC0-AD1B-55C291915021}.Release|Any CPU.ActiveCfg = Release|Any CPU
		{BF0E0499-E953-4EC0-AD1B-55C291915021}.Release|Any CPU.Build.0 = Release|Any CPU
		{BF0E0499-E953-4EC0-AD1B-55C291915021}.Release|iPhone.ActiveCfg = Release|Any CPU
		{BF0E0499-E953-4EC0-AD1B-55C291915021}.Release|iPhone.Build.0 = Release|Any CPU
		{BF0E0499-E953-4EC0-AD1B-55C291915021}.Release|iPhoneSimulator.ActiveCfg = Release|Any CPU
		{BF0E0499-E953-4EC0-AD1B-55C291915021}.Release|iPhoneSimulator.Build.0 = Release|Any CPU
		{51FA1983-78DB-492D-9D5F-959EF50E728B}.Ad-Hoc|Any CPU.ActiveCfg = Debug|Any CPU
		{51FA1983-78DB-492D-9D5F-959EF50E728B}.Ad-Hoc|Any CPU.Build.0 = Debug|Any CPU
		{51FA1983-78DB-492D-9D5F-959EF50E728B}.Ad-Hoc|iPhone.ActiveCfg = Debug|Any CPU
		{51FA1983-78DB-492D-9D5F-959EF50E728B}.Ad-Hoc|iPhone.Build.0 = Debug|Any CPU
		{51FA1983-78DB-492D-9D5F-959EF50E728B}.Ad-Hoc|iPhoneSimulator.ActiveCfg = Debug|Any CPU
		{51FA1983-78DB-492D-9D5F-959EF50E728B}.Ad-Hoc|iPhoneSimulator.Build.0 = Debug|Any CPU
		{51FA1983-78DB-492D-9D5F-959EF50E728B}.AppStore|Any CPU.ActiveCfg = Debug|Any CPU
		{51FA1983-78DB-492D-9D5F-959EF50E728B}.AppStore|Any CPU.Build.0 = Debug|Any CPU
		{51FA1983-78DB-492D-9D5F-959EF50E728B}.AppStore|iPhone.ActiveCfg = Debug|Any CPU
		{51FA1983-78DB-492D-9D5F-959EF50E728B}.AppStore|iPhone.Build.0 = Debug|Any CPU
		{51FA1983-78DB-492D-9D5F-959EF50E728B}.AppStore|iPhoneSimulator.ActiveCfg = Debug|Any CPU
		{51FA1983-78DB-492D-9D5F-959EF50E728B}.AppStore|iPhoneSimulator.Build.0 = Debug|Any CPU
		{51FA1983-78DB-492D-9D5F-959EF50E728B}.Debug|Any CPU.ActiveCfg = Debug|Any CPU
		{51FA1983-78DB-492D-9D5F-959EF50E728B}.Debug|Any CPU.Build.0 = Debug|Any CPU
		{51FA1983-78DB-492D-9D5F-959EF50E728B}.Debug|iPhone.ActiveCfg = Debug|Any CPU
		{51FA1983-78DB-492D-9D5F-959EF50E728B}.Debug|iPhone.Build.0 = Debug|Any CPU
		{51FA1983-78DB-492D-9D5F-959EF50E728B}.Debug|iPhoneSimulator.ActiveCfg = Debug|Any CPU
		{51FA1983-78DB-492D-9D5F-959EF50E728B}.Debug|iPhoneSimulator.Build.0 = Debug|Any CPU
		{51FA1983-78DB-492D-9D5F-959EF50E728B}.Release|Any CPU.ActiveCfg = Release|Any CPU
		{51FA1983-78DB-492D-9D5F-959EF50E728B}.Release|Any CPU.Build.0 = Release|Any CPU
		{51FA1983-78DB-492D-9D5F-959EF50E728B}.Release|iPhone.ActiveCfg = Release|Any CPU
		{51FA1983-78DB-492D-9D5F-959EF50E728B}.Release|iPhone.Build.0 = Release|Any CPU
		{51FA1983-78DB-492D-9D5F-959EF50E728B}.Release|iPhoneSimulator.ActiveCfg = Release|Any CPU
		{51FA1983-78DB-492D-9D5F-959EF50E728B}.Release|iPhoneSimulator.Build.0 = Release|Any CPU
	EndGlobalSection
	GlobalSection(SolutionProperties) = preSolution
		HideSolutionNode = FALSE
	EndGlobalSection
	GlobalSection(ExtensibilityGlobals) = postSolution
		SolutionGuid = {F32A85BE-AAD3-4279-BB2A-B9627883FC68}
	EndGlobalSection
EndGlobal
